
Microsoft Visual Studio Solution File, Format Version 12.00
# Visual Studio 15
Project("{FAE04EC0-301F-11D3-BF4B-00C04F79EFBC}") = "Assembly-CSharp-Editor", "Assembly-CSharp-Editor.csproj", "{068F970E-9295-0C2F-EE1B-7E912629B9AF}"
EndProject
Project("{FAE04EC0-301F-11D3-BF4B-00C04F79EFBC}") = "Assembly-CSharp", "Assembly-CSharp.csproj", "{250BD403-CECC-64B0-D36E-0EB2EA2A3F90}"
EndProject
Global
	GlobalSection(SolutionConfigurationPlatforms) = preSolution
		Debug|Any CPU = Debug|Any CPU
		Release|Any CPU = Release|Any CPU
	EndGlobalSection
	GlobalSection(ProjectConfigurationPlatforms) = postSolution
		{068F970E-9295-0C2F-EE1B-7E912629B9AF}.Debug|Any CPU.ActiveCfg = Debug|Any CPU
		{068F970E-9295-0C2F-EE1B-7E912629B9AF}.Debug|Any CPU.Build.0 = Debug|Any CPU
		{068F970E-9295-0C2F-EE1B-7E912629B9AF}.Release|Any CPU.ActiveCfg = Release|Any CPU
		{068F970E-9295-0C2F-EE1B-7E912629B9AF}.Release|Any CPU.Build.0 = Release|Any CPU
		{250BD403-CECC-64B0-D36E-0EB2EA2A3F90}.Debug|Any CPU.ActiveCfg = Debug|Any CPU
		{250BD403-CECC-64B0-D36E-0EB2EA2A3F90}.Debug|Any CPU.Build.0 = Debug|Any CPU
		{250BD403-CECC-64B0-D36E-0EB2EA2A3F90}.Release|Any CPU.ActiveCfg = Release|Any CPU
		{250BD403-CECC-64B0-D36E-0EB2EA2A3F90}.Release|Any CPU.Build.0 = Release|Any CPU
	EndGlobalSection
	GlobalSection(SolutionProperties) = preSolution
		HideSolutionNode = FALSE
	EndGlobalSection
EndGlobal
